
Microsoft Visual Studio Solution File, Format Version 12.00
# Visual Studio Version 17
VisualStudioVersion = 17.6.33815.320
MinimumVisualStudioVersion = 10.0.40219.1
Project("{9A19103F-16F7-4668-BE54-9A1E7A4F7556}") = "01File", "01File\01File.csproj", "{4DFEB7E9-8396-4C69-80BC-7B1D9D5F5F0D}"
EndProject
Project("{9A19103F-16F7-4668-BE54-9A1E7A4F7556}") = "02FileInfo", "02FileInfo\02FileInfo.csproj", "{A0ADC2C4-D29A-4F94-969F-A4CC9F83C1F6}"
EndProject
Project("{9A19103F-16F7-4668-BE54-9A1E7A4F7556}") = "03Directory", "03Directory\03Directory.csproj", "{F8212013-FDD6-421E-B87E-2AC4CBC23F53}"
EndProject
Project("{9A19103F-16F7-4668-BE54-9A1E7A4F7556}") = "04DirectoryInfo", "04DirectoryInfo\04DirectoryInfo.csproj", "{E06F3DFC-17FC-4308-91D2-97500BBB9547}"
EndProject
Project("{9A19103F-16F7-4668-BE54-9A1E7A4F7556}") = "05Path", "05Path\05Path.csproj", "{6B166C75-EBD2-481B-A3D0-5CDF306ABBAF}"
EndProject
Project("{9A19103F-16F7-4668-BE54-9A1E7A4F7556}") = "06FileStream", "06FileStream\06FileStream.csproj", "{9D45EED0-36F4-44AE-963F-A2D6BBE1A117}"
EndProject
Project("{FAE04EC0-301F-11D3-BF4B-00C04F79EFBC}") = "07FileStreamBlocoUsing", "07FileStreamBlocoUsing\07FileStreamBlocoUsing.csproj", "{21BB30F5-3F88-48B5-88D4-3A52B52A173F}"
EndProject
Project("{2150E333-8FDC-42A3-9474-1A3956D46DE8}") = "Exercicios", "Exercicios", "{CCBB512A-38BA-46FB-B8A9-7CED3520FFDC}"
EndProject
Project("{FAE04EC0-301F-11D3-BF4B-00C04F79EFBC}") = "Exercicio01Streams", "Exercicio01Streams\Exercicio01Streams.csproj", "{9B7F5F52-4BA7-4C29-9DA3-FD805F819F80}"
EndProject
Project("{FAE04EC0-301F-11D3-BF4B-00C04F79EFBC}") = "Exercício01", "Exercício01\Exercício01.csproj", "{BE2A19F5-3656-4831-B40B-FE7B6830EB69}"
EndProject
Project("{FAE04EC0-301F-11D3-BF4B-00C04F79EFBC}") = "Exercicio02", "Exercicio02\Exercicio02.csproj", "{1CFDF698-3083-454A-9E61-4A15F0B9F8CA}"
EndProject
Project("{FAE04EC0-301F-11D3-BF4B-00C04F79EFBC}") = "Exercicio03", "Exercicio03\Exercicio03.csproj", "{DDBF6D14-0963-453E-B810-5D324319B125}"
EndProject
Global
	GlobalSection(SolutionConfigurationPlatforms) = preSolution
		Debug|Any CPU = Debug|Any CPU
		Release|Any CPU = Release|Any CPU
	EndGlobalSection
	GlobalSection(ProjectConfigurationPlatforms) = postSolution
		{4DFEB7E9-8396-4C69-80BC-7B1D9D5F5F0D}.Debug|Any CPU.ActiveCfg = Debug|Any CPU
		{4DFEB7E9-8396-4C69-80BC-7B1D9D5F5F0D}.Debug|Any CPU.Build.0 = Debug|Any CPU
		{4DFEB7E9-8396-4C69-80BC-7B1D9D5F5F0D}.Release|Any CPU.ActiveCfg = Release|Any CPU
		{4DFEB7E9-8396-4C69-80BC-7B1D9D5F5F0D}.Release|Any CPU.Build.0 = Release|Any CPU
		{A0ADC2C4-D29A-4F94-969F-A4CC9F83C1F6}.Debug|Any CPU.ActiveCfg = Debug|Any CPU
		{A0ADC2C4-D29A-4F94-969F-A4CC9F83C1F6}.Debug|Any CPU.Build.0 = Debug|Any CPU
		{A0ADC2C4-D29A-4F94-969F-A4CC9F83C1F6}.Release|Any CPU.ActiveCfg = Release|Any CPU
		{A0ADC2C4-D29A-4F94-969F-A4CC9F83C1F6}.Release|Any CPU.Build.0 = Release|Any CPU
		{F8212013-FDD6-421E-B87E-2AC4CBC23F53}.Debug|Any CPU.ActiveCfg = Debug|Any CPU
		{F8212013-FDD6-421E-B87E-2AC4CBC23F53}.Debug|Any CPU.Build.0 = Debug|Any CPU
		{F8212013-FDD6-421E-B87E-2AC4CBC23F53}.Release|Any CPU.ActiveCfg = Release|Any CPU
		{F8212013-FDD6-421E-B87E-2AC4CBC23F53}.Release|Any CPU.Build.0 = Release|Any CPU
		{E06F3DFC-17FC-4308-91D2-97500BBB9547}.Debug|Any CPU.ActiveCfg = Debug|Any CPU
		{E06F3DFC-17FC-4308-91D2-97500BBB9547}.Debug|Any CPU.Build.0 = Debug|Any CPU
		{E06F3DFC-17FC-4308-91D2-97500BBB9547}.Release|Any CPU.ActiveCfg = Release|Any CPU
		{E06F3DFC-17FC-4308-91D2-97500BBB9547}.Release|Any CPU.Build.0 = Release|Any CPU
		{6B166C75-EBD2-481B-A3D0-5CDF306ABBAF}.Debug|Any CPU.ActiveCfg = Debug|Any CPU
		{6B166C75-EBD2-481B-A3D0-5CDF306ABBAF}.Debug|Any CPU.Build.0 = Debug|Any CPU
		{6B166C75-EBD2-481B-A3D0-5CDF306ABBAF}.Release|Any CPU.ActiveCfg = Release|Any CPU
		{6B166C75-EBD2-481B-A3D0-5CDF306ABBAF}.Release|Any CPU.Build.0 = Release|Any CPU
		{9D45EED0-36F4-44AE-963F-A2D6BBE1A117}.Debug|Any CPU.ActiveCfg = Debug|Any CPU
		{9D45EED0-36F4-44AE-963F-A2D6BBE1A117}.Debug|Any CPU.Build.0 = Debug|Any CPU
		{9D45EED0-36F4-44AE-963F-A2D6BBE1A117}.Release|Any CPU.ActiveCfg = Release|Any CPU
		{9D45EED0-36F4-44AE-963F-A2D6BBE1A117}.Release|Any CPU.Build.0 = Release|Any CPU
		{21BB30F5-3F88-48B5-88D4-3A52B52A173F}.Debug|Any CPU.ActiveCfg = Debug|Any CPU
		{21BB30F5-3F88-48B5-88D4-3A52B52A173F}.Debug|Any CPU.Build.0 = Debug|Any CPU
		{21BB30F5-3F88-48B5-88D4-3A52B52A173F}.Release|Any CPU.ActiveCfg = Release|Any CPU
		{21BB30F5-3F88-48B5-88D4-3A52B52A173F}.Release|Any CPU.Build.0 = Release|Any CPU
		{9B7F5F52-4BA7-4C29-9DA3-FD805F819F80}.Debug|Any CPU.ActiveCfg = Debug|Any CPU
		{9B7F5F52-4BA7-4C29-9DA3-FD805F819F80}.Debug|Any CPU.Build.0 = Debug|Any CPU
		{9B7F5F52-4BA7-4C29-9DA3-FD805F819F80}.Release|Any CPU.ActiveCfg = Release|Any CPU
		{9B7F5F52-4BA7-4C29-9DA3-FD805F819F80}.Release|Any CPU.Build.0 = Release|Any CPU
		{BE2A19F5-3656-4831-B40B-FE7B6830EB69}.Debug|Any CPU.ActiveCfg = Debug|Any CPU
		{BE2A19F5-3656-4831-B40B-FE7B6830EB69}.Debug|Any CPU.Build.0 = Debug|Any CPU
		{BE2A19F5-3656-4831-B40B-FE7B6830EB69}.Release|Any CPU.ActiveCfg = Release|Any CPU
		{BE2A19F5-3656-4831-B40B-FE7B6830EB69}.Release|Any CPU.Build.0 = Release|Any CPU
		{1CFDF698-3083-454A-9E61-4A15F0B9F8CA}.Debug|Any CPU.ActiveCfg = Debug|Any CPU
		{1CFDF698-3083-454A-9E61-4A15F0B9F8CA}.Debug|Any CPU.Build.0 = Debug|Any CPU
		{1CFDF698-3083-454A-9E61-4A15F0B9F8CA}.Release|Any CPU.ActiveCfg = Release|Any CPU
		{1CFDF698-3083-454A-9E61-4A15F0B9F8CA}.Release|Any CPU.Build.0 = Release|Any CPU
		{DDBF6D14-0963-453E-B810-5D324319B125}.Debug|Any CPU.ActiveCfg = Debug|Any CPU
		{DDBF6D14-0963-453E-B810-5D324319B125}.Debug|Any CPU.Build.0 = Debug|Any CPU
		{DDBF6D14-0963-453E-B810-5D324319B125}.Release|Any CPU.ActiveCfg = Release|Any CPU
		{DDBF6D14-0963-453E-B810-5D324319B125}.Release|Any CPU.Build.0 = Release|Any CPU
	EndGlobalSection
	GlobalSection(SolutionProperties) = preSolution
		HideSolutionNode = FALSE
	EndGlobalSection
	GlobalSection(NestedProjects) = preSolution
		{9B7F5F52-4BA7-4C29-9DA3-FD805F819F80} = {CCBB512A-38BA-46FB-B8A9-7CED3520FFDC}
		{BE2A19F5-3656-4831-B40B-FE7B6830EB69} = {CCBB512A-38BA-46FB-B8A9-7CED3520FFDC}
		{1CFDF698-3083-454A-9E61-4A15F0B9F8CA} = {CCBB512A-38BA-46FB-B8A9-7CED3520FFDC}
		{DDBF6D14-0963-453E-B810-5D324319B125} = {CCBB512A-38BA-46FB-B8A9-7CED3520FFDC}
	EndGlobalSection
	GlobalSection(ExtensibilityGlobals) = postSolution
		SolutionGuid = {BCEB1BE0-2C24-4144-AA5E-2D8901B880B1}
	EndGlobalSection
EndGlobal
